{
  "version": "2",
  "remote": {
    "https://deno.land/std@0.173.0/_util/asserts.ts": "178dfc49a464aee693a7e285567b3d0b555dc805ff490505a8aae34f9cfb1462",
    "https://deno.land/std@0.173.0/_util/os.ts": "d932f56d41e4f6a6093d56044e29ce637f8dcc43c5a90af43504a889cf1775e3",
    "https://deno.land/std@0.173.0/path/_constants.ts": "e49961f6f4f48039c0dfed3c3f93e963ca3d92791c9d478ac5b43183413136e0",
    "https://deno.land/std@0.173.0/path/_interface.ts": "6471159dfbbc357e03882c2266d21ef9afdb1e4aa771b0545e90db58a0ba314b",
    "https://deno.land/std@0.173.0/path/_util.ts": "86c2375a996c1931b2f2ac71fefd5ddf0cf0e579fa4ab12d3e4c552d4223b8d8",
    "https://deno.land/std@0.173.0/path/common.ts": "ee7505ab01fd22de3963b64e46cff31f40de34f9f8de1fff6a1bd2fe79380000",
    "https://deno.land/std@0.173.0/path/glob.ts": "d479e0a695621c94d3fd7fe7abd4f9499caf32a8de13f25073451c6ef420a4e1",
    "https://deno.land/std@0.173.0/path/mod.ts": "4b83694ac500d7d31b0cdafc927080a53dc0c3027eb2895790fb155082b0d232",
    "https://deno.land/std@0.173.0/path/posix.ts": "0874b341c2c6968ca38d323338b8b295ea1dae10fa872a768d812e2e7d634789",
    "https://deno.land/std@0.173.0/path/separator.ts": "0fb679739d0d1d7bf45b68dacfb4ec7563597a902edbaf3c59b50d5bcadd93b1",
    "https://deno.land/std@0.173.0/path/win32.ts": "672942919dd66ce1b8c224e77d3447e2ad8254eaff13fe6946420a9f78fa141e",
    "https://deno.land/std@0.177.0/async/abortable.ts": "73acfb3ed7261ce0d930dbe89e43db8d34e017b063cf0eaa7d215477bf53442e",
    "https://deno.land/std@0.177.0/async/deadline.ts": "c5facb0b404eede83e38bd2717ea8ab34faa2ffb20ef87fd261fcba32ba307aa",
    "https://deno.land/std@0.177.0/async/debounce.ts": "adab11d04ca38d699444ac8a9d9856b4155e8dda2afd07ce78276c01ea5a4332",
    "https://deno.land/std@0.177.0/async/deferred.ts": "42790112f36a75a57db4a96d33974a936deb7b04d25c6084a9fa8a49f135def8",
    "https://deno.land/std@0.177.0/async/delay.ts": "73aa04cec034c84fc748c7be49bb15cac3dd43a57174bfdb7a4aec22c248f0dd",
    "https://deno.land/std@0.177.0/async/mod.ts": "f04344fa21738e5ad6bea37a6bfffd57c617c2d372bb9f9dcfd118a1b622e576",
    "https://deno.land/std@0.177.0/async/mux_async_iterator.ts": "70c7f2ee4e9466161350473ad61cac0b9f115cff4c552eaa7ef9d50c4cbb4cc9",
    "https://deno.land/std@0.177.0/async/pool.ts": "fd082bd4aaf26445909889435a5c74334c017847842ec035739b4ae637ae8260",
    "https://deno.land/std@0.177.0/async/retry.ts": "5efa3ba450ac0c07a40a82e2df296287b5013755d232049efd7ea2244f15b20f",
    "https://deno.land/std@0.177.0/async/tee.ts": "47e42d35f622650b02234d43803d0383a89eb4387e1b83b5a40106d18ae36757",
    "https://deno.land/std@0.177.0/http/server.ts": "cbb17b594651215ba95c01a395700684e569c165a567e4e04bba327f41197433",
    "https://deno.land/std@0.178.0/_util/asserts.ts": "178dfc49a464aee693a7e285567b3d0b555dc805ff490505a8aae34f9cfb1462",
    "https://deno.land/std@0.178.0/_util/os.ts": "d932f56d41e4f6a6093d56044e29ce637f8dcc43c5a90af43504a889cf1775e3",
    "https://deno.land/std@0.178.0/async/abortable.ts": "73acfb3ed7261ce0d930dbe89e43db8d34e017b063cf0eaa7d215477bf53442e",
    "https://deno.land/std@0.178.0/async/deadline.ts": "c5facb0b404eede83e38bd2717ea8ab34faa2ffb20ef87fd261fcba32ba307aa",
    "https://deno.land/std@0.178.0/async/debounce.ts": "adab11d04ca38d699444ac8a9d9856b4155e8dda2afd07ce78276c01ea5a4332",
    "https://deno.land/std@0.178.0/async/deferred.ts": "42790112f36a75a57db4a96d33974a936deb7b04d25c6084a9fa8a49f135def8",
    "https://deno.land/std@0.178.0/async/delay.ts": "73aa04cec034c84fc748c7be49bb15cac3dd43a57174bfdb7a4aec22c248f0dd",
    "https://deno.land/std@0.178.0/async/mod.ts": "f04344fa21738e5ad6bea37a6bfffd57c617c2d372bb9f9dcfd118a1b622e576",
    "https://deno.land/std@0.178.0/async/mux_async_iterator.ts": "70c7f2ee4e9466161350473ad61cac0b9f115cff4c552eaa7ef9d50c4cbb4cc9",
    "https://deno.land/std@0.178.0/async/pool.ts": "fd082bd4aaf26445909889435a5c74334c017847842ec035739b4ae637ae8260",
    "https://deno.land/std@0.178.0/async/retry.ts": "5efa3ba450ac0c07a40a82e2df296287b5013755d232049efd7ea2244f15b20f",
    "https://deno.land/std@0.178.0/async/tee.ts": "47e42d35f622650b02234d43803d0383a89eb4387e1b83b5a40106d18ae36757",
    "https://deno.land/std@0.178.0/bytes/copy.ts": "939d89e302a9761dcf1d9c937c7711174ed74c59eef40a1e4569a05c9de88219",
    "https://deno.land/std@0.178.0/collections/_utils.ts": "5114abc026ddef71207a79609b984614e66a63a4bda17d819d56b0e72c51527e",
    "https://deno.land/std@0.178.0/collections/deep_merge.ts": "5a8ed29030f4471a5272785c57c3455fa79697b9a8f306013a8feae12bafc99a",
    "https://deno.land/std@0.178.0/encoding/_toml/parser.ts": "a932beaf8e65af821c7ff36ff38f6fde3ab8d24a8a79c7ca6fe2e7a920c39804",
    "https://deno.land/std@0.178.0/encoding/_yaml/dumper/dumper.ts": "49053c293a2250b33f2efc0ce3973280c6dc3bc0b41397af3863b5f03340e01b",
    "https://deno.land/std@0.178.0/encoding/_yaml/dumper/dumper_state.ts": "975a3702752a29251c5746206507dfebbfede60dd2c0dec161dc22633fbc6085",
    "https://deno.land/std@0.178.0/encoding/_yaml/error.ts": "e60ab51d7c0253cf0d1cf7d445202e8e3da5c77aae0032071ba7400121c281b4",
    "https://deno.land/std@0.178.0/encoding/_yaml/loader/loader.ts": "13ec5aecca06b46105c1ca7053c13ef7ea7ab557893a81bc98338a0a532f27fe",
    "https://deno.land/std@0.178.0/encoding/_yaml/loader/loader_state.ts": "fcc82fcdf167acb0e9e5e32b32682e58b45f2d44210bf685794797ccb5621232",
    "https://deno.land/std@0.178.0/encoding/_yaml/mark.ts": "0027d6f62a70a6c64b85bd1751ddf1646ea97edcefbf5bea1706d5e519f4e34f",
    "https://deno.land/std@0.178.0/encoding/_yaml/parse.ts": "63e79582e07145ca1d3205d1ac72b82bf5ce14159dabae195abe7e36de8111bd",
    "https://deno.land/std@0.178.0/encoding/_yaml/schema.ts": "0833c75c59bf72c8a8f96f6c0615bcd98d23fdd9b076657f42b5c1a4f9d972b0",
    "https://deno.land/std@0.178.0/encoding/_yaml/schema/core.ts": "366f56673336ba24f5723c04319efcc7471be5f55d5f8d95c9b4a38ec233d4c6",
    "https://deno.land/std@0.178.0/encoding/_yaml/schema/default.ts": "96e9ed6ead36f53a0832c542fc9b8cca7f8b4a67c1c8424e1423a39ee7154db7",
    "https://deno.land/std@0.178.0/encoding/_yaml/schema/extended.ts": "f9bd75c79ebdfb92a8e167488b6bde7113a31b8fabe20ad7eed0904fba11bcd2",
    "https://deno.land/std@0.178.0/encoding/_yaml/schema/failsafe.ts": "cddcbf0258bbe0cd77ca10e2f5aec13439f50d4068f96aab08ca2d64496dabe8",
    "https://deno.land/std@0.178.0/encoding/_yaml/schema/json.ts": "c86905dfb1b6c4633750bfbb5bd529a30be5c08287ab7eb6694390b40e276487",
    "https://deno.land/std@0.178.0/encoding/_yaml/schema/mod.ts": "051f93dd97a15aaad2da62bd24627e8fd2f02fb026d21567d924b720d606f078",
    "https://deno.land/std@0.178.0/encoding/_yaml/state.ts": "ef03d55ec235d48dcfbecc0ab3ade90bfae69a61094846e08003421c2cf5cfc6",
    "https://deno.land/std@0.178.0/encoding/_yaml/stringify.ts": "426b73e4dbaeed26ed855add3862786d7e374bd4c59e5e1bd9a6fcd5082be3c7",
    "https://deno.land/std@0.178.0/encoding/_yaml/type.ts": "5ded5472a0f17a219ac3b0e90d96dc8472a68654a40258a31e03a6c6297b6788",
    "https://deno.land/std@0.178.0/encoding/_yaml/type/binary.ts": "935d39794420ac3718d26716192239de6a53566c6f2ba5010e8ed26936b94a89",
    "https://deno.land/std@0.178.0/encoding/_yaml/type/bool.ts": "1c99cfbaa94b022575b636a73e1549569b26fc6bbff2cd5e539aa77b49bdf303",
    "https://deno.land/std@0.178.0/encoding/_yaml/type/float.ts": "f60ad19b27050add694bfc255b7efef27103f047861aa657823ff3f6853bad11",
    "https://deno.land/std@0.178.0/encoding/_yaml/type/function.ts": "65a37f6bef43ef141854ee48a1058d9c9c4c80ed6eed6cd35608329a6957e27a",
    "https://deno.land/std@0.178.0/encoding/_yaml/type/int.ts": "892f59bb7b2dbd64dd9b643c17441af95c0b962ad027e454cb84a68864787b86",
    "https://deno.land/std@0.178.0/encoding/_yaml/type/map.ts": "92e647a6aec0dc184ea4b039a77a15883b54da754311189c595b43f6aaa50030",
    "https://deno.land/std@0.178.0/encoding/_yaml/type/merge.ts": "8192bf3e4d637f32567917f48bb276043da9cf729cf594e5ec191f7cd229337e",
    "https://deno.land/std@0.178.0/encoding/_yaml/type/mod.ts": "060e2b3d38725094b77ea3a3f05fc7e671fced8e67ca18e525be98c4aa8f4bbb",
    "https://deno.land/std@0.178.0/encoding/_yaml/type/nil.ts": "606e8f0c44d73117c81abec822f89ef81e40f712258c74f186baa1af659b8887",
    "https://deno.land/std@0.178.0/encoding/_yaml/type/omap.ts": "fbd5da9970c211335ff7c8fa11e9c5e9256e568d52418ac237d1538c5cb0d5e6",
    "https://deno.land/std@0.178.0/encoding/_yaml/type/pairs.ts": "ea487a44c0ae64d8d952779fa1cb5fa0a12f32a0b5d3d1e8c1f06f446448427c",
    "https://deno.land/std@0.178.0/encoding/_yaml/type/regexp.ts": "672000d22a1062d61577d30b218c28f5cb1d039a7a60079fdde6a4e558d5ca51",
    "https://deno.land/std@0.178.0/encoding/_yaml/type/seq.ts": "39b28f7c7aa41263c5c42cab9d184f03555e9ba19493766afc0c0c325a9ac49f",
    "https://deno.land/std@0.178.0/encoding/_yaml/type/set.ts": "0e30a9f750306b514c8ae9869d1ac2548d57beab55b33e85ea9673ca0a08264c",
    "https://deno.land/std@0.178.0/encoding/_yaml/type/str.ts": "a67a3c6e429d95041399e964015511779b1130ea5889fa257c48457bd3446e31",
    "https://deno.land/std@0.178.0/encoding/_yaml/type/timestamp.ts": "706ea80a76a73e48efaeb400ace087da1f927647b53ad6f754f4e06d51af087f",
    "https://deno.land/std@0.178.0/encoding/_yaml/type/undefined.ts": "94a316ca450597ccbc6750cbd79097ad0d5f3a019797eed3c841a040c29540ba",
    "https://deno.land/std@0.178.0/encoding/_yaml/utils.ts": "26b311f0d42a7ce025060bd6320a68b50e52fd24a839581eb31734cd48e20393",
    "https://deno.land/std@0.178.0/encoding/front_matter/any.ts": "8debc7942e5f8d9a119049a38684e4a3b80badea898aa2be341bc76d000790a1",
    "https://deno.land/std@0.178.0/encoding/front_matter/mod.ts": "086d2c2f20e8b20bad9c02daa270333439441c1509959c79f7ab792dff394b39",
    "https://deno.land/std@0.178.0/encoding/toml.ts": "d11fc659365218035ec1d92c1dfa206718838954a6de7cfc62d0a07ffb19f582",
    "https://deno.land/std@0.178.0/encoding/yaml.ts": "02571d1bbbcfd7c5647789cee872ecf9c1c470e1b1a40948ed219fb661e19d87",
    "https://deno.land/std@0.178.0/fs/_util.ts": "65381f341af1ff7f40198cee15c20f59951ac26e51ddc651c5293e24f9ce6f32",
    "https://deno.land/std@0.178.0/fs/walk.ts": "ea95ffa6500c1eda6b365be488c056edc7c883a1db41ef46ec3bf057b1c0fe32",
    "https://deno.land/std@0.178.0/http/http_status.ts": "8a7bcfe3ac025199ad804075385e57f63d055b2aed539d943ccc277616d6f932",
    "https://deno.land/std@0.178.0/http/server.ts": "cbb17b594651215ba95c01a395700684e569c165a567e4e04bba327f41197433",
    "https://deno.land/std@0.178.0/io/buffer.ts": "e2b7564f684dad625cab08f5106f33572d325705d19a36822b3272fbdfb8f726",
    "https://deno.land/std@0.178.0/media_types/_db.ts": "7606d83e31f23ce1a7968cbaee852810c2cf477903a095696cdc62eaab7ce570",
    "https://deno.land/std@0.178.0/media_types/_util.ts": "916efbd30b6148a716f110e67a4db29d6949bf4048997b754415dd7e42c52378",
    "https://deno.land/std@0.178.0/media_types/content_type.ts": "c682589a0aeb016bfed355cc1ed6fbb3ead2ea48fc0000ac5de6a5730613ad1c",
    "https://deno.land/std@0.178.0/media_types/extension.ts": "7a4ef2813d7182f724a941f38161525996e4a67abc3cf6a0f9bc2168d73a0f0e",
    "https://deno.land/std@0.178.0/media_types/extensions_by_type.ts": "4358023feac696e6e9d49c0f1e76a859f03ca254df57812f31f8536890c3a443",
    "https://deno.land/std@0.178.0/media_types/format_media_type.ts": "1e35e16562e5c417401ffc388a9f8f421f97f0ee06259cbe990c51bae4e6c7a8",
    "https://deno.land/std@0.178.0/media_types/get_charset.ts": "8be15a1fd31a545736b91ace56d0e4c66ea0d7b3fdc5c90760e8202e7b4b1fad",
    "https://deno.land/std@0.178.0/media_types/mod.ts": "d3f0b99f85053bc0b98ecc24eaa3546dfa09b856dc0bbaf60d8956d2cdd710c8",
    "https://deno.land/std@0.178.0/media_types/parse_media_type.ts": "bed260d868ea271445ae41d748e7afed9b5a7f407d2777ead08cecf73e9278de",
    "https://deno.land/std@0.178.0/media_types/type_by_extension.ts": "6076a7fc63181d70f92ec582fdea2c927eb2cfc7f9c9bee9d6add2aca86f2355",
    "https://deno.land/std@0.178.0/media_types/vendor/mime-db.v1.52.0.ts": "6925bbcae81ca37241e3f55908d0505724358cda3384eaea707773b2c7e99586",
    "https://deno.land/std@0.178.0/path/_constants.ts": "e49961f6f4f48039c0dfed3c3f93e963ca3d92791c9d478ac5b43183413136e0",
    "https://deno.land/std@0.178.0/path/_interface.ts": "6471159dfbbc357e03882c2266d21ef9afdb1e4aa771b0545e90db58a0ba314b",
    "https://deno.land/std@0.178.0/path/_util.ts": "d7abb1e0dea065f427b89156e28cdeb32b045870acdf865833ba808a73b576d0",
    "https://deno.land/std@0.178.0/path/common.ts": "ee7505ab01fd22de3963b64e46cff31f40de34f9f8de1fff6a1bd2fe79380000",
    "https://deno.land/std@0.178.0/path/glob.ts": "d479e0a695621c94d3fd7fe7abd4f9499caf32a8de13f25073451c6ef420a4e1",
    "https://deno.land/std@0.178.0/path/mod.ts": "4b83694ac500d7d31b0cdafc927080a53dc0c3027eb2895790fb155082b0d232",
    "https://deno.land/std@0.178.0/path/posix.ts": "8b7c67ac338714b30c816079303d0285dd24af6b284f7ad63da5b27372a2c94d",
    "https://deno.land/std@0.178.0/path/separator.ts": "0fb679739d0d1d7bf45b68dacfb4ec7563597a902edbaf3c59b50d5bcadd93b1",
    "https://deno.land/std@0.178.0/path/win32.ts": "d186344e5583bcbf8b18af416d13d82b35a317116e6460a5a3953508c3de5bba",
    "https://deno.land/std@0.178.0/types.d.ts": "220ed56662a0bd393ba5d124aa6ae2ad36a00d2fcbc0e8666a65f4606aaa9784",
    "https://deno.land/x/comrak@0.1.1/mod.ts": "da459d87c9ae5a2e6b10ee9068d8361cdf376e4342733e8c7009409062f37a89",
    "https://deno.land/x/comrak@0.1.1/pkg/comrak_wasm.d.ts": "cccba9af0e0dfdbe3ceed1e4610eddffa593ad053000334c83d194843112de3f",
    "https://deno.land/x/comrak@0.1.1/pkg/comrak_wasm.js": "41a1c08c28a0cb44698ee3877f24f347f914d3e476b390639c3c188fcef0ed2d",
    "https://deno.land/x/comrak@0.1.1/wasm.js": "8adc9bd849ed47cec36e3584f6bb0396cb44dbc73a912b9fdc5867344fcb8d1d",
    "https://deno.land/x/denoflate@1.2.1/mod.ts": "f5628e44b80b3d80ed525afa2ba0f12408e3849db817d47a883b801f9ce69dd6",
    "https://deno.land/x/denoflate@1.2.1/pkg/denoflate.js": "b9f9ad9457d3f12f28b1fb35c555f57443427f74decb403113d67364e4f2caf4",
    "https://deno.land/x/denoflate@1.2.1/pkg/denoflate_bg.wasm.js": "d581956245407a2115a3d7e8d85a9641c032940a8e810acbd59ca86afd34d44d",
    "https://deno.land/x/esbuild@v0.17.11/mod.d.ts": "dc279a3a46f084484453e617c0cabcd5b8bd1920c0e562e4ea02dfc828c8f968",
    "https://deno.land/x/esbuild@v0.17.11/mod.js": "4f4e61964a551d9c0baf5bb19e973cf631cf8c66ddaf01e70070f8a100fc938c",
    "https://deno.land/x/esbuild@v0.17.11/wasm.d.ts": "dc279a3a46f084484453e617c0cabcd5b8bd1920c0e562e4ea02dfc828c8f968",
    "https://deno.land/x/esbuild@v0.17.11/wasm.js": "4030e7b50941ec6e06704c6b5f1f6416cc0f7f35f63daf63f184b728bea79a30",
    "https://deno.land/x/fresh@1.1.5/runtime.ts": "b02ec1e2e32cf73a33d262b7c9dcab9468ce16cd89fd424196c71003698a4ab0",
    "https://deno.land/x/fresh@1.1.5/server.ts": "f379c9aad24471a71e58fb887fa57e5cc27ad9df035987eb260541c78df38e84",
    "https://deno.land/x/fresh@1.1.5/src/runtime/csp.ts": "9ee900e9b0b786057b1009da5976298c202d1b86d1f1e4d2510bde5f06530ac9",
    "https://deno.land/x/fresh@1.1.5/src/runtime/head.ts": "0f9932874497ab6e57ed1ba01d549e843523df4a5d36ef97460e7a43e3132fdc",
    "https://deno.land/x/fresh@1.1.5/src/runtime/utils.ts": "8320a874a44bdd5905c7d4b87a0e7a14a6c50a2ed133800e72ae57341e4d4faa",
    "https://deno.land/x/fresh@1.1.5/src/server/bundle.ts": "2febeb5071d0647993560807ca5b2f4cd60181d370ee8612e5db728cb10db9f1",
    "https://deno.land/x/fresh@1.1.5/src/server/constants.ts": "ad10dda1bc20c25c2926f6a8cfd79ef4368d70b4b03a645f65c04b3fa7d93a8c",
    "https://deno.land/x/fresh@1.1.5/src/server/context.ts": "896ca59b58d0713d8429c4ec8aea4cedb0e4c09a804a2e6ec0c81379f5f83b15",
    "https://deno.land/x/fresh@1.1.5/src/server/default_error_page.ts": "9a1a595a1a2b31c9b724b04db82b8af256285536db272658d831ac9ef1d3d448",
    "https://deno.land/x/fresh@1.1.5/src/server/deps.ts": "e205002c298ee6bf40af1365ced243b8cd86cf39e922ec2db2c91ef022eb72ad",
    "https://deno.land/x/fresh@1.1.5/src/server/htmlescape.ts": "834ac7d0caa9fc38dffd9b8613fb47aeecd4f22d5d70c51d4b20a310c085835c",
    "https://deno.land/x/fresh@1.1.5/src/server/mod.ts": "72d213444334dd2e94c757a0eee0fc486c0919399ea9184d07ad042f34edd00d",
    "https://deno.land/x/fresh@1.1.5/src/server/render.ts": "6f50707bd1f6e33ed84bb71ae3b0996d202b953cefc4285f5356524c7b21f01f",
    "https://deno.land/x/fresh@1.1.5/src/server/types.ts": "6579aac850ea4af5cdfee8f9552fbadebb7b50841d180b75bd90466416feee86",
    "https://deno.land/x/freshwind@4.0.0/plugin.ts": "a215a8274614d00247e2b5d752cb5484dc2b58fb9bcce90ff5f506affcc9d5b9",
    "https://deno.land/x/freshwind@4.0.0/shared.ts": "ef0035ba4c25917ba0ae960b46b52ab951026a00a835564df2d727d4d730ea14",
    "https://deno.land/x/importmap@0.2.1/_util.ts": "ada9a9618b537e6c0316c048a898352396c882b9f2de38aba18fd3f2950ede89",
    "https://deno.land/x/importmap@0.2.1/mod.ts": "ae3d1cd7eabd18c01a4960d57db471126b020f23b37ef14e1359bbb949227ade",
    "https://deno.land/x/lz4@v0.1.2/mod.ts": "4decfc1a3569d03fd1813bd39128b71c8f082850fe98ecfdde20025772916582",
    "https://deno.land/x/lz4@v0.1.2/wasm.js": "b9c65605327ba273f0c76a6dc596ec534d4cda0f0225d7a94ebc606782319e46",
    "https://deno.land/x/rutt@0.1.0/mod.ts": "4662ad4f687740ac612b779ed4c62eecebd718b56d24a07f719ec3b24464c139",
    "https://deno.land/x/tabler_icons_tsx@0.0.2/tsx/share.tsx": "34efa8b55c93f0bd5aa2a4b6e5f30d1604f7d16dd60bb30b6e34d2902e53dccd",
    "https://deno.land/x/ttl@1.0.1/mod.ts": "f108e3c1da8233c36d0c49b7f44c964cdf59175da335c04f187a7a5cf07980aa",
    "https://esm.sh/*preact-render-to-string@5.2.6": "b08a606bcd6effb80c7fa1af90995e8d2de868b33bc129bfdfd095950b45a2bd",
    "https://esm.sh/preact@10.13.1": "ae382301328ab874e2c42bee76e261bb8d094673fe76ca7eb71917636d43d8ad",
    "https://esm.sh/preact@10.13.1/hooks": "1813f80c6d648f8137a62569e35972b0716f92539f192d6db66d45b7aafea43a",
    "https://esm.sh/preact@10.13.1/jsx-runtime": "0caf2b2eade93af59e89abc31816b6cb2829a9b8a82b958c0ebc1d8bec241e2a",
    "https://esm.sh/stable/preact@10.13.1/deno/hooks.js": "f25445c4f9fa6742119c41db4a85a2f75ee6ea941c506ae8ad3b1568c7692c61",
    "https://esm.sh/stable/preact@10.13.1/deno/jsx-runtime.js": "7c8e1b8f272996846cbac0837dcb71f6f8cfc82611b3f7819501d07c37383dc0",
    "https://esm.sh/stable/preact@10.13.1/deno/preact.mjs": "9b73545225d0ed274c89f39aee524a2857c81a73060e80c2c4bdc2a6de7bec26",
    "https://esm.sh/v111/@twind/core@1.1.3": "ec9c4148415ac4326e414e4fdc0807ab765c1612db464ed098c15141e02702a3",
    "https://esm.sh/v111/@twind/core@1.1.3/core.d.ts": "fd5002190e81ec0b795d59a71a3e8a18013668d5776783dfc29420e51e7a8d25",
    "https://esm.sh/v111/@twind/core@1.1.3/deno/core.mjs": "9a65476bdc46aeb10894c4496fbfbc863e45ffebf43e58d6320017f847aca7b2",
    "https://esm.sh/v111/@twind/preset-autoprefix@1.0.7": "00d76055ef56b3668c55dad65e98fd21bcffe9890deac9925d04ca453a5b284a",
    "https://esm.sh/v111/@twind/preset-autoprefix@1.0.7/deno/preset-autoprefix.mjs": "96a6a286ffe2db2bc646340461f6a49ae5f260155577963353b1d4665e8ecae2",
    "https://esm.sh/v111/@twind/preset-autoprefix@1.0.7/preset-autoprefix.d.ts": "be53ca796e0060d3181d9e92dec1cc5605279f617796ede238fe2f05adb2a635",
    "https://esm.sh/v111/@twind/preset-tailwind-forms@1.1.2": "6c598d0812e75ef63c90603fcf5daf0cc0338d6c48236506312dd93092326144",
    "https://esm.sh/v111/@twind/preset-tailwind-forms@1.1.2/deno/preset-tailwind-forms.mjs": "09565eb69a9ecfdb7843361c9689721a171124a40dde5be376ed71ebf39fa304",
    "https://esm.sh/v111/@twind/preset-tailwind-forms@1.1.2/preset-tailwind-forms.d.ts": "692bbe87925e9278d1c6ed952b4edea28ce1cea4ee3d8adce8a96ac511b7520e",
    "https://esm.sh/v111/@twind/preset-tailwind@1.1.4": "833a6da44bbe615bb9bee800194321c917badabc14802873d871d2642fde46e1",
    "https://esm.sh/v111/@twind/preset-tailwind@1.1.4/deno/colors.js": "c0faae64920a2b251e8296ab98b700025ce677d9ed03f30f58cb2d100d992a5e",
    "https://esm.sh/v111/@twind/preset-tailwind@1.1.4/deno/defaultTheme.js": "4c53ba6db797c6fc79c9c7a21397302e7b6b262c688a3ff952e200ef0caecd18",
    "https://esm.sh/v111/@twind/preset-tailwind@1.1.4/deno/preset-tailwind.mjs": "7fa9768b349453b0cd3f5c5f7a3fa14aff485f873e772e12232fafe953126829",
    "https://esm.sh/v111/@twind/preset-tailwind@1.1.4/preset-tailwind.d.ts": "4a4c59e8af822c319d855697108561c8f4141662de0d2b04e5b031840b232096",
    "https://esm.sh/v111/@twind/preset-typography@1.0.7": "11f79388cf6eb3d315ec60aa429654169e9eeb146672d9478cc84e93067f2715",
    "https://esm.sh/v111/@twind/preset-typography@1.0.7/deno/preset-typography.mjs": "6e1ecd919e3c8a4f61aa7e740b61de425670b908c8238c67c9fde92f3c20d6f7",
    "https://esm.sh/v111/@twind/preset-typography@1.0.7/preset-typography.d.ts": "a37b73a0835396571ae9c75118d64626e768e0604d4ebcf99d2e2337825c5235",
    "https://esm.sh/v111/csstype@3.1.1/index.d.ts": "1c29793071152b207c01ea1954e343be9a44d85234447b2b236acae9e709a383",
    "https://esm.sh/v111/style-vendorizer@2.2.3/deno/style-vendorizer.mjs": "fb725497dd9621a84f552f9b6a4f3df82af5989ff18c40e972de1bdf475c9765",
    "https://esm.sh/v118/preact@10.13.1/hooks/src/index.d.ts": "5c29febb624fc25d71cb0e125848c9b711e233337a08f7eacfade38fd4c14cc3",
    "https://esm.sh/v118/preact@10.13.1/jsx-runtime/src/index.d.ts": "e153460ed2b3fe2ad8b93696ecd48fbf73cd628b0b0ea6692b71804a3af69dfd",
    "https://esm.sh/v118/preact@10.13.1/src/index.d.ts": "65398710de6aa0a07412da79784e05e6e96763f51c7c91b77344d2d0af06385c",
    "https://esm.sh/v118/preact@10.13.1/src/jsx.d.ts": "fde41cfb4944bcc5005e653c989ef8f85deb1cbb5364a1726654993937cd08d0",
    "https://esm.sh/v121/preact-render-to-string@5.2.6/X-ZS8q/deno/preact-render-to-string.mjs": "672116885c5e5072207c527a0ec663f5bc52774a0868ec487985109520382a55",
    "https://esm.sh/v121/preact-render-to-string@5.2.6/X-ZS8q/src/index.d.ts": "b1d73703252c8570fdf2952475805f5808ba3511fefbd93a3e7bd8406de7dcd0",
    "https://raw.githubusercontent.com/lucacasonato/esbuild_deno_loader/8031f71afa1bbcd3237a94b11f53a2e5c5c0e7bf/deps.ts": "b7248e5b750be62613a9417f407e65ed43726d83b11f9631d6dbb58634bbd7d1",
    "https://raw.githubusercontent.com/lucacasonato/esbuild_deno_loader/8031f71afa1bbcd3237a94b11f53a2e5c5c0e7bf/mod.ts": "3e507379372361162f93325a216b86f6098defb5bb60144555b507bca26d061f",
    "https://raw.githubusercontent.com/lucacasonato/esbuild_deno_loader/8031f71afa1bbcd3237a94b11f53a2e5c5c0e7bf/src/deno.ts": "71bee6b14e72ca193c0686d8b4f1f47d639a64745b6f5c7576f7a3616f436f57",
    "https://raw.githubusercontent.com/lucacasonato/esbuild_deno_loader/8031f71afa1bbcd3237a94b11f53a2e5c5c0e7bf/src/native_loader.ts": "2a0f5a7b68a57c4651ad48161b32532356b434597a6cf282683427482b38f6fa",
    "https://raw.githubusercontent.com/lucacasonato/esbuild_deno_loader/8031f71afa1bbcd3237a94b11f53a2e5c5c0e7bf/src/portable_loader.ts": "47adb6d9a00f13a87d0a15f2af79118eb93503234008c31392d71270bc0a42fa",
    "https://raw.githubusercontent.com/lucacasonato/esbuild_deno_loader/8031f71afa1bbcd3237a94b11f53a2e5c5c0e7bf/src/shared.ts": "007e8d575cb6ebcac4110f1f72188a8bec3aa29287b4ad26e98403c00bebf036"
  },
  "npm": {
    "specifiers": {
      "gpt-3-encoder": "gpt-3-encoder@1.1.4",
      "gpt-3-encoder@1.1.4": "gpt-3-encoder@1.1.4"
    },
    "packages": {
      "gpt-3-encoder@1.1.4": {
        "integrity": "sha512-fSQRePV+HUAhCn7+7HL7lNIXNm6eaFWFbNLOOGtmSJ0qJycyQvj60OvRlH7mee8xAMjBDNRdMXlMwjAbMTDjkg==",
        "dependencies": {}
      }
    }
  }
}
